// !$*UTF8*$!
{
	archiveVersion = 1;
	classes = {
	};
	objectVersion = 46;
	objects = {

/* Begin PBXBuildFile section */
		BC10D7111CD0A7130068B50A /* AppDelegate.swift in Sources */ = {isa = PBXBuildFile; fileRef = BC10D7101CD0A7130068B50A /* AppDelegate.swift */; };
		BC10D7131CD0A7130068B50A /* ViewController.swift in Sources */ = {isa = PBXBuildFile; fileRef = BC10D7121CD0A7130068B50A /* ViewController.swift */; };
		BC10D7161CD0A7130068B50A /* Main.storyboard in Resources */ = {isa = PBXBuildFile; fileRef = BC10D7141CD0A7130068B50A /* Main.storyboard */; };
		BC10D7181CD0A7130068B50A /* Assets.xcassets in Resources */ = {isa = PBXBuildFile; fileRef = BC10D7171CD0A7130068B50A /* Assets.xcassets */; };
		BC10D71B1CD0A7130068B50A /* LaunchScreen.storyboard in Resources */ = {isa = PBXBuildFile; fileRef = BC10D7191CD0A7130068B50A /* LaunchScreen.storyboard */; };
		BC10D7231CD0A7690068B50A /* SearchTableView.swift in Sources */ = {isa = PBXBuildFile; fileRef = BC10D7221CD0A7690068B50A /* SearchTableView.swift */; };
		BC10D7251CD0A9860068B50A /* Project.swift in Sources */ = {isa = PBXBuildFile; fileRef = BC10D7241CD0A9860068B50A /* Project.swift */; };
/* End PBXBuildFile section */

/* Begin PBXFileReference section */
		BC10D70D1CD0A7130068B50A /* SearchTable.app */ = {isa = PBXFileReference; explicitFileType = wrapper.application; includeInIndex = 0; path = SearchTable.app; sourceTree = BUILT_PRODUCTS_DIR; };
		BC10D7101CD0A7130068B50A /* AppDelegate.swift */ = {isa = PBXFileReference; lastKnownFileType = sourcecode.swift; path = AppDelegate.swift; sourceTree = "<group>"; };
		BC10D7121CD0A7130068B50A /* ViewController.swift */ = {isa = PBXFileReference; lastKnownFileType = sourcecode.swift; path = ViewController.swift; sourceTree = "<group>"; };
		BC10D7151CD0A7130068B50A /* Base */ = {isa = PBXFileReference; lastKnownFileType = file.storyboard; name = Base; path = Base.lproj/Main.storyboard; sourceTree = "<group>"; };
		BC10D7171CD0A7130068B50A /* Assets.xcassets */ = {isa = PBXFileReference; lastKnownFileType = folder.assetcatalog; path = Assets.xcassets; sourceTree = "<group>"; };
		BC10D71A1CD0A7130068B50A /* Base */ = {isa = PBXFileReference; lastKnownFileType = file.storyboard; name = Base; path = Base.lproj/LaunchScreen.storyboard; sourceTree = "<group>"; };
		BC10D71C1CD0A7130068B50A /* Info.plist */ = {isa = PBXFileReference; lastKnownFileType = text.plist.xml; path = Info.plist; sourceTree = "<group>"; };
		BC10D7221CD0A7690068B50A /* SearchTableView.swift */ = {isa = PBXFileReference; fileEncoding = 4; lastKnownFileType = sourcecode.swift; path = SearchTableView.swift; sourceTree = "<group>"; };
		BC10D7241CD0A9860068B50A /* Project.swift */ = {isa = PBXFileReference; fileEncoding = 4; lastKnownFileType = sourcecode.swift; path = Project.swift; sourceTree = "<group>"; };
/* End PBXFileReference section */

/* Begin PBXFrameworksBuildPhase section */
		BC10D70A1CD0A7130068B50A /* Frameworks */ = {
			isa = PBXFrameworksBuildPhase;
			buildActionMask = 2147483647;
			files = (
			);
			runOnlyForDeploymentPostprocessing = 0;
		};
/* End PBXFrameworksBuildPhase section */

/* Begin PBXGroup section */
		BC10D7041CD0A7130068B50A = {
			isa = PBXGroup;
			children = (
				BC10D70F1CD0A7130068B50A /* SearchTable */,
				BC10D70E1CD0A7130068B50A /* Products */,
			);
			sourceTree = "<group>";
		};
		BC10D70E1CD0A7130068B50A /* Products */ = {
			isa = PBXGroup;
			children = (
				BC10D70D1CD0A7130068B50A /* SearchTable.app */,
			);
			name = Products;
			sourceTree = "<group>";
		};
		BC10D70F1CD0A7130068B50A /* SearchTable */ = {
			isa = PBXGroup;
			children = (
				BC10D7221CD0A7690068B50A /* SearchTableView.swift */,
				BC10D7101CD0A7130068B50A /* AppDelegate.swift */,
				BC10D7121CD0A7130068B50A /* ViewController.swift */,
				BC10D7141CD0A7130068B50A /* Main.storyboard */,
				BC10D7171CD0A7130068B50A /* Assets.xcassets */,
				BC10D7191CD0A7130068B50A /* LaunchScreen.storyboard */,
				BC10D71C1CD0A7130068B50A /* Info.plist */,
				BC10D7241CD0A9860068B50A /* Project.swift */,
			);
			path = SearchTable;
			sourceTree = "<group>";
		};
/* End PBXGroup section */

/* Begin PBXNativeTarget section */
		BC10D70C1CD0A7130068B50A /* SearchTable */ = {
			isa = PBXNativeTarget;
			buildConfigurationList = BC10D71F1CD0A7130068B50A /* Build configuration list for PBXNativeTarget "SearchTable" */;
			buildPhases = (
				BC10D7091CD0A7130068B50A /* Sources */,
				BC10D70A1CD0A7130068B50A /* Frameworks */,
				BC10D70B1CD0A7130068B50A /* Resources */,
			);
			buildRules = (
			);
			dependencies = (
			);
			name = SearchTable;
			productName = SearchTable;
			productReference = BC10D70D1CD0A7130068B50A /* SearchTable.app */;
			productType = "com.apple.product-type.application";
		};
/* End PBXNativeTarget section */

/* Begin PBXProject section */
		BC10D7051CD0A7130068B50A /* Project object */ = {
			isa = PBXProject;
			attributes = {
				LastSwiftUpdateCheck = 0720;
				LastUpgradeCheck = 0720;
				ORGANIZATIONNAME = "Warif Akhand Rishi";
				TargetAttributes = {
					BC10D70C1CD0A7130068B50A = {
						CreatedOnToolsVersion = 7.2;
					};
				};
			};
			buildConfigurationList = BC10D7081CD0A7130068B50A /* Build configuration list for PBXProject "SearchTable" */;
			compatibilityVersion = "Xcode 3.2";
			developmentRegion = English;
			hasScannedForEncodings = 0;
			knownRegions = (
				en,
				Base,
			);
			mainGroup = BC10D7041CD0A7130068B50A;
			productRefGroup = BC10D70E1CD0A7130068B50A /* Products */;
			projectDirPath = "";
			projectRoot = "";
			targets = (
				BC10D70C1CD0A7130068B50A /* SearchTable */,
			);
		};
/* End PBXProject section */

/* Begin PBXResourcesBuildPhase section */
		BC10D70B1CD0A7130068B50A /* Resources */ = {
			isa = PBXResourcesBuildPhase;
			buildActionMask = 2147483647;
			files = (
				BC10D71B1CD0A7130068B50A /* LaunchScreen.storyboard in Resources */,
				BC10D7181CD0A7130068B50A /* Assets.xcassets in Resources */,
				BC10D7161CD0A7130068B50A /* Main.storyboard in Resources */,
			);
			runOnlyForDeploymentPostprocessing = 0;
		};
/* End PBXResourcesBuildPhase section */

/* Begin PBXSourcesBuildPhase section */
		BC10D7091CD0A7130068B50A /* Sources */ = {
			isa = PBXSourcesBuildPhase;
			buildActionMask = 2147483647;
			files = (
				BC10D7131CD0A7130068B50A /* ViewController.swift in Sources */,
				BC10D7111CD0A7130068B50A /* AppDelegate.swift in Sources */,
				BC10D7231CD0A7690068B50A /* SearchTableView.swift in Sources */,
				BC10D7251CD0A9860068B50A /* Project.swift in Sources */,
			);
			runOnlyForDeploymentPostprocessing = 0;
		};
/* End PBXSourcesBuildPhase section */

/* Begin PBXVariantGroup section */
		BC10D7141CD0A7130068B50A /* Main.storyboard */ = {
			isa = PBXVariantGroup;
			children = (
				BC10D7151CD0A7130068B50A /* Base */,
			);
			name = Main.storyboard;
			sourceTree = "<group>";
		};
		BC10D7191CD0A7130068B50A /* LaunchScreen.storyboard */ = {
			isa = PBXVariantGroup;
			children = (
				BC10D71A1CD0A7130068B50A /* Base */,
			);
			name = LaunchScreen.storyboard;
			sourceTree = "<group>";
		};
/* End PBXVariantGroup section */

/* Begin XCBuildConfiguration section */
		BC10D71D1CD0A7130068B50A /* Debug */ = {
			isa = XCBuildConfiguration;
			buildSettings = {
				ALWAYS_SEARCH_USER_PATHS = NO;
				CLANG_CXX_LANGUAGE_STANDARD = "gnu++0x";
				CLANG_CXX_LIBRARY = "libc++";
				CLANG_ENABLE_MODULES = YES;
				CLANG_ENABLE_OBJC_ARC = YES;
				CLANG_WARN_BOOL_CONVERSION = YES;
				CLANG_WARN_CONSTANT_CONVERSION = YES;
				CLANG_WARN_DIRECT_OBJC_ISA_USAGE = YES_ERROR;
				CLANG_WARN_EMPTY_BODY = YES;
				CLANG_WARN_ENUM_CONVERSION = YES;
				CLANG_WARN_INT_CONVERSION = YES;
				CLANG_WARN_OBJC_ROOT_CLASS = YES_ERROR;
				CLANG_WARN_UNREACHABLE_CODE = YES;
				CLANG_WARN__DUPLICATE_METHOD_MATCH = YES;
				"CODE_SIGN_IDENTITY[sdk=iphoneos*]" = "iPhone Developer";
				COPY_PHASE_STRIP = NO;
				DEBUG_INFORMATION_FORMAT = dwarf;
				ENABLE_STRICT_OBJC_MSGSEND = YES;
				ENABLE_TESTABILITY = YES;
				GCC_C_LANGUAGE_STANDARD = gnu99;
				GCC_DYNAMIC_NO_PIC = NO;
				GCC_NO_COMMON_BLOCKS = YES;
				GCC_OPTIMIZATION_LEVEL = 0;
				GCC_PREPROCESSOR_DEFINITIONS = (
					"DEBUG=1",
					"$(inherited)",
				);
				GCC_WARN_64_TO_32_BIT_CONVERSION = YES;
				GCC_WARN_ABOUT_RETURN_TYPE = YES_ERROR;
				GCC_WARN_UNDECLARED_SELECTOR = YES;
				GCC_WARN_UNINITIALIZED_AUTOS = YES_AGGRESSIVE;
				GCC_WARN_UNUSED_FUNCTION = YES;
				GCC_WARN_UNUSED_VARIABLE = YES;
				IPHONEOS_DEPLOYMENT_TARGET = 9.2;
				MTL_ENABLE_DEBUG_INFO = YES;
				ONLY_ACTIVE_ARCH = YES;
				SDKROOT = iphoneos;
				SWIFT_OPTIMIZATION_LEVEL = "-Onone";
				TARGETED_DEVICE_FAMILY = "1,2";
			};
			name = Debug;
		};
		BC10D71E1CD0A7130068B50A /* Release */ = {
			isa = XCBuildConfiguration;
			buildSettings = {
				ALWAYS_SEARCH_USER_PATHS = NO;
				CLANG_CXX_LANGUAGE_STANDARD = "gnu++0x";
				CLANG_CXX_LIBRARY = "libc++";
				CLANG_ENABLE_MODULES = YES;
				CLANG_ENABLE_OBJC_ARC = YES;
				CLANG_WARN_BOOL_CONVERSION = YES;
				CLANG_WARN_CONSTANT_CONVERSION = YES;
				CLANG_WARN_DIRECT_OBJC_ISA_USAGE = YES_ERROR;
				CLANG_WARN_EMPTY_BODY = YES;
				CLANG_WARN_ENUM_CONVERSION = YES;
				CLANG_WARN_INT_CONVERSION = YES;
				CLANG_WARN_OBJC_ROOT_CLASS = YES_ERROR;
				CLANG_WARN_UNREACHABLE_CODE = YES;
				CLANG_WARN__DUPLICATE_METHOD_MATCH = YES;
				"CODE_SIGN_IDENTITY[sdk=iphoneos*]" = "iPhone Developer";
				COPY_PHASE_STRIP = NO;
				DEBUG_INFORMATION_FORMAT = "dwarf-with-dsym";
				ENABLE_NS_ASSERTIONS = NO;
				ENABLE_STRICT_OBJC_MSGSEND = YES;
				GCC_C_LANGUAGE_STANDARD = gnu99;
				GCC_NO_COMMON_BLOCKS = YES;
				GCC_WARN_64_TO_32_BIT_CONVERSION = YES;
				GCC_WARN_ABOUT_RETURN_TYPE = YES_ERROR;
				GCC_WARN_UNDECLARED_SELECTOR = YES;
				GCC_WARN_UNINITIALIZED_AUTOS = YES_AGGRESSIVE;
				GCC_WARN_UNUSED_FUNCTION = YES;
				GCC_WARN_UNUSED_VARIABLE = YES;
				IPHONEOS_DEPLOYMENT_TARGET = 9.2;
				MTL_ENABLE_DEBUG_INFO = NO;
				SDKROOT = iphoneos;
				TARGETED_DEVICE_FAMILY = "1,2";
				VALIDATE_PRODUCT = YES;
			};
			name = Release;
		};
		BC10D7201CD0A7130068B50A /* Debug */ = {
			isa = XCBuildConfiguration;
			buildSettings = {
				ASSETCATALOG_COMPILER_APPICON_NAME = AppIcon;
				INFOPLIST_FILE = SearchTable/Info.plist;
				LD_RUNPATH_SEARCH_PATHS = "$(inherited) @executable_path/Frameworks";
				PRODUCT_BUNDLE_IDENTIFIER = com.war.SearchTable;
				PRODUCT_NAME = "$(TARGET_NAME)";
			};
			name = Debug;
		};
		BC10D7211CD0A7130068B50A /* Release */ = {
			isa = XCBuildConfiguration;
			buildSettings = {
				ASSETCATALOG_COMPILER_APPICON_NAME = AppIcon;
				INFOPLIST_FILE = SearchTable/Info.plist;
				LD_RUNPATH_SEARCH_PATHS = "$(inherited) @executable_path/Frameworks";
				PRODUCT_BUNDLE_IDENTIFIER = com.war.SearchTable;
				PRODUCT_NAME = "$(TARGET_NAME)";
			};
			name = Release;
		};
/* End XCBuildConfiguration section */

/* Begin XCConfigurationList section */
		BC10D7081CD0A7130068B50A /* Build configuration list for PBXProject "SearchTable" */ = {
			isa = XCConfigurationList;
			buildConfigurations = (
				BC10D71D1CD0A7130068B50A /* Debug */,
				BC10D71E1CD0A7130068B50A /* Release */,
			);
			defaultConfigurationIsVisible = 0;
			defaultConfigurationName = Release;
		};
		BC10D71F1CD0A7130068B50A /* Build configuration list for PBXNativeTarget "SearchTable" */ = {
			isa = XCConfigurationList;
			buildConfigurations = (
				BC10D7201CD0A7130068B50A /* Debug */,
				BC10D7211CD0A7130068B50A /* Release */,
			);
			defaultConfigurationIsVisible = 0;
		};
/* End XCConfigurationList section */
	};
	rootObject = BC10D7051CD0A7130068B50A /* Project object */;
}
